
Microsoft Visual Studio Solution File, Format Version 12.00
# Visual Studio Version 17
VisualStudioVersion = 17.11.35327.3
MinimumVisualStudioVersion = 10.0.40219.1
Project("{FAE04EC0-301F-11D3-BF4B-00C04F79EFBC}") = "mahmudov", "mahmudov.csproj", "{3D4938C6-9A45-48B5-9260-BF2AE55AEF7D}"
EndProject
Global
	GlobalSection(SolutionConfigurationPlatforms) = preSolution
		Debug|Any CPU = Debug|Any CPU
		Release|Any CPU = Release|Any CPU
	EndGlobalSection
	GlobalSection(ProjectConfigurationPlatforms) = postSolution
		{3D4938C6-9A45-48B5-9260-BF2AE55AEF7D}.Debug|Any CPU.ActiveCfg = Debug|Any CPU
		{3D4938C6-9A45-48B5-9260-BF2AE55AEF7D}.Debug|Any CPU.Build.0 = Debug|Any CPU
		{3D4938C6-9A45-48B5-9260-BF2AE55AEF7D}.Release|Any CPU.ActiveCfg = Release|Any CPU
		{3D4938C6-9A45-48B5-9260-BF2AE55AEF7D}.Release|Any CPU.Build.0 = Release|Any CPU
	EndGlobalSection
	GlobalSection(SolutionProperties) = preSolution
		HideSolutionNode = FALSE
	EndGlobalSection
	GlobalSection(ExtensibilityGlobals) = postSolution
		SolutionGuid = {1AB9CE18-BAE1-413A-AF99-966DA1AC6A14}
	EndGlobalSection
EndGlobal
